
Microsoft Visual Studio Solution File, Format Version 12.00
# Visual Studio Version 17
VisualStudioVersion = 17.14.36221.1 d17.14
MinimumVisualStudioVersion = 10.0.40219.1
Project("{FAE04EC0-301F-11D3-BF4B-00C04F79EFBC}") = "Task2_Array", "Task2_Array\Task2_Array.csproj", "{8A797359-7B05-416E-9933-423F5F26DBE1}"
EndProject
Global
	GlobalSection(SolutionConfigurationPlatforms) = preSolution
		Debug|Any CPU = Debug|Any CPU
		Release|Any CPU = Release|Any CPU
	EndGlobalSection
	GlobalSection(ProjectConfigurationPlatforms) = postSolution
		{8A797359-7B05-416E-9933-423F5F26DBE1}.Debug|Any CPU.ActiveCfg = Debug|Any CPU
		{8A797359-7B05-416E-9933-423F5F26DBE1}.Debug|Any CPU.Build.0 = Debug|Any CPU
		{8A797359-7B05-416E-9933-423F5F26DBE1}.Release|Any CPU.ActiveCfg = Release|Any CPU
		{8A797359-7B05-416E-9933-423F5F26DBE1}.Release|Any CPU.Build.0 = Release|Any CPU
	EndGlobalSection
	GlobalSection(SolutionProperties) = preSolution
		HideSolutionNode = FALSE
	EndGlobalSection
	GlobalSection(ExtensibilityGlobals) = postSolution
		SolutionGuid = {81308342-6952-4D34-B37D-7A3CF90BD691}
	EndGlobalSection
EndGlobal
